
Microsoft Visual Studio Solution File, Format Version 12.00
# Visual Studio Version 17
VisualStudioVersion = 17.7.34221.43
MinimumVisualStudioVersion = 10.0.40219.1
Project("{FAE04EC0-301F-11D3-BF4B-00C04F79EFBC}") = "ConsoleApp2", "ConsoleApp2\ConsoleApp2.csproj", "{25F27752-A2C7-461F-94C2-D0E753A2F2DF}"
EndProject
Global
	GlobalSection(SolutionConfigurationPlatforms) = preSolution
		Debug|Any CPU = Debug|Any CPU
		Release|Any CPU = Release|Any CPU
	EndGlobalSection
	GlobalSection(ProjectConfigurationPlatforms) = postSolution
		{25F27752-A2C7-461F-94C2-D0E753A2F2DF}.Debug|Any CPU.ActiveCfg = Debug|Any CPU
		{25F27752-A2C7-461F-94C2-D0E753A2F2DF}.Debug|Any CPU.Build.0 = Debug|Any CPU
		{25F27752-A2C7-461F-94C2-D0E753A2F2DF}.Release|Any CPU.ActiveCfg = Release|Any CPU
		{25F27752-A2C7-461F-94C2-D0E753A2F2DF}.Release|Any CPU.Build.0 = Release|Any CPU
	EndGlobalSection
	GlobalSection(SolutionProperties) = preSolution
		HideSolutionNode = FALSE
	EndGlobalSection
	GlobalSection(ExtensibilityGlobals) = postSolution
		SolutionGuid = {848E4F05-82DF-4E78-A87F-11DCC335E9C0}
	EndGlobalSection
EndGlobal
